// !$*UTF8*$!
{
	archiveVersion = 1;
	classes = {
	};
	objectVersion = 46;
	objects = {

/* Begin PBXBuildFile section */
		08882D551B8B8D3500278A5F /* DismissSegue.swift in Sources */ = {isa = PBXBuildFile; fileRef = 08882D531B8B8BCA00278A5F /* DismissSegue.swift */; };
		08882D571B8B8F0000278A5F /* GameBacks.swift in Sources */ = {isa = PBXBuildFile; fileRef = 08882D561B8B8F0000278A5F /* GameBacks.swift */; };
		08D28A3B1B8CCD8C00017E0B /* hemi head bd it.ttf in Resources */ = {isa = PBXBuildFile; fileRef = 08D28A3A1B8CCD6800017E0B /* hemi head bd it.ttf */; };
		1DDBD6321B86AFD100319EB0 /* DropDownItem.m in Sources */ = {isa = PBXBuildFile; fileRef = 1DDBD62F1B86AFD100319EB0 /* DropDownItem.m */; };
		1DDBD6331B86AFD100319EB0 /* DropDownMenu.m in Sources */ = {isa = PBXBuildFile; fileRef = 1DDBD6311B86AFD100319EB0 /* DropDownMenu.m */; };
		1DDBD6391B86CB7400319EB0 /* Lobster_1.3.otf in Resources */ = {isa = PBXBuildFile; fileRef = 1DDBD6381B86CB7400319EB0 /* Lobster_1.3.otf */; };
		1DDBD63D1B86E09000319EB0 /* GameBalls.swift in Sources */ = {isa = PBXBuildFile; fileRef = 1DDBD63C1B86E09000319EB0 /* GameBalls.swift */; };
		FA00BB5F1B87912E002DF216 /* exampleFire.sks in Resources */ = {isa = PBXBuildFile; fileRef = FA00BB5D1B87912E002DF216 /* exampleFire.sks */; };
		FA00BB601B87912E002DF216 /* spark.png in Resources */ = {isa = PBXBuildFile; fileRef = FA00BB5E1B87912E002DF216 /* spark.png */; };
		FA00BB641B879430002DF216 /* PowerUpController.swift in Sources */ = {isa = PBXBuildFile; fileRef = FA00BB631B879430002DF216 /* PowerUpController.swift */; };
		FA00BD261B87B12700871C7C /* PaddleCreator.swift in Sources */ = {isa = PBXBuildFile; fileRef = FA00BD251B87B12700871C7C /* PaddleCreator.swift */; };
		FA00BD281B87B13600871C7C /* NodesCreator.swift in Sources */ = {isa = PBXBuildFile; fileRef = FA00BD271B87B13600871C7C /* NodesCreator.swift */; };
		FA73F5F41B82644200E35884 /* AppDelegate.swift in Sources */ = {isa = PBXBuildFile; fileRef = FA73F5F31B82644200E35884 /* AppDelegate.swift */; };
		FA73F5F61B82644200E35884 /* GameScene.sks in Resources */ = {isa = PBXBuildFile; fileRef = FA73F5F51B82644200E35884 /* GameScene.sks */; };
		FA73F5F81B82644200E35884 /* GameScene.swift in Sources */ = {isa = PBXBuildFile; fileRef = FA73F5F71B82644200E35884 /* GameScene.swift */; };
		FA73F5FA1B82644200E35884 /* GameViewController.swift in Sources */ = {isa = PBXBuildFile; fileRef = FA73F5F91B82644200E35884 /* GameViewController.swift */; };
		FA73F5FD1B82644200E35884 /* Main.storyboard in Resources */ = {isa = PBXBuildFile; fileRef = FA73F5FB1B82644200E35884 /* Main.storyboard */; };
		FA73F5FF1B82644200E35884 /* Images.xcassets in Resources */ = {isa = PBXBuildFile; fileRef = FA73F5FE1B82644200E35884 /* Images.xcassets */; };
		FA73F6021B82644200E35884 /* LaunchScreen.xib in Resources */ = {isa = PBXBuildFile; fileRef = FA73F6001B82644200E35884 /* LaunchScreen.xib */; };
		FA73F60E1B82644200E35884 /* Power_PongTests.swift in Sources */ = {isa = PBXBuildFile; fileRef = FA73F60D1B82644200E35884 /* Power_PongTests.swift */; };
/* End PBXBuildFile section */

/* Begin PBXContainerItemProxy section */
		FA73F6081B82644200E35884 /* PBXContainerItemProxy */ = {
			isa = PBXContainerItemProxy;
			containerPortal = FA73F5E61B82644200E35884 /* Project object */;
			proxyType = 1;
			remoteGlobalIDString = FA73F5ED1B82644200E35884;
			remoteInfo = "Power Pong";
		};
/* End PBXContainerItemProxy section */

/* Begin PBXFileReference section */
		08882D531B8B8BCA00278A5F /* DismissSegue.swift */ = {isa = PBXFileReference; fileEncoding = 4; lastKnownFileType = sourcecode.swift; path = DismissSegue.swift; sourceTree = "<group>"; };
		08882D561B8B8F0000278A5F /* GameBacks.swift */ = {isa = PBXFileReference; fileEncoding = 4; lastKnownFileType = sourcecode.swift; path = GameBacks.swift; sourceTree = "<group>"; };
		08D28A3A1B8CCD6800017E0B /* hemi head bd it.ttf */ = {isa = PBXFileReference; lastKnownFileType = file; path = "hemi head bd it.ttf"; sourceTree = "<group>"; };
		1DDBD62D1B86AFD000319EB0 /* Power Pong-Bridging-Header.h */ = {isa = PBXFileReference; lastKnownFileType = sourcecode.c.h; path = "Power Pong-Bridging-Header.h"; sourceTree = "<group>"; };
		1DDBD62E1B86AFD100319EB0 /* DropDownItem.h */ = {isa = PBXFileReference; fileEncoding = 4; lastKnownFileType = sourcecode.c.h; path = DropDownItem.h; sourceTree = "<group>"; };
		1DDBD62F1B86AFD100319EB0 /* DropDownItem.m */ = {isa = PBXFileReference; fileEncoding = 4; lastKnownFileType = sourcecode.c.objc; path = DropDownItem.m; sourceTree = "<group>"; };
		1DDBD6301B86AFD100319EB0 /* DropDownMenu.h */ = {isa = PBXFileReference; fileEncoding = 4; lastKnownFileType = sourcecode.c.h; path = DropDownMenu.h; sourceTree = "<group>"; };
		1DDBD6311B86AFD100319EB0 /* DropDownMenu.m */ = {isa = PBXFileReference; fileEncoding = 4; lastKnownFileType = sourcecode.c.objc; path = DropDownMenu.m; sourceTree = "<group>"; };
		1DDBD6381B86CB7400319EB0 /* Lobster_1.3.otf */ = {isa = PBXFileReference; lastKnownFileType = file; path = Lobster_1.3.otf; sourceTree = "<group>"; };
		1DDBD63C1B86E09000319EB0 /* GameBalls.swift */ = {isa = PBXFileReference; fileEncoding = 4; lastKnownFileType = sourcecode.swift; path = GameBalls.swift; sourceTree = "<group>"; };
		FA00BB5D1B87912E002DF216 /* exampleFire.sks */ = {isa = PBXFileReference; lastKnownFileType = file.sks; path = exampleFire.sks; sourceTree = "<group>"; };
		FA00BB5E1B87912E002DF216 /* spark.png */ = {isa = PBXFileReference; lastKnownFileType = image.png; path = spark.png; sourceTree = "<group>"; };
		FA00BB631B879430002DF216 /* PowerUpController.swift */ = {isa = PBXFileReference; fileEncoding = 4; lastKnownFileType = sourcecode.swift; path = PowerUpController.swift; sourceTree = "<group>"; };
		FA00BD251B87B12700871C7C /* PaddleCreator.swift */ = {isa = PBXFileReference; fileEncoding = 4; lastKnownFileType = sourcecode.swift; path = PaddleCreator.swift; sourceTree = "<group>"; };
		FA00BD271B87B13600871C7C /* NodesCreator.swift */ = {isa = PBXFileReference; fileEncoding = 4; lastKnownFileType = sourcecode.swift; path = NodesCreator.swift; sourceTree = "<group>"; };
		FA73F5EE1B82644200E35884 /* Power Pong.app */ = {isa = PBXFileReference; explicitFileType = wrapper.application; includeInIndex = 0; path = "Power Pong.app"; sourceTree = BUILT_PRODUCTS_DIR; };
		FA73F5F21B82644200E35884 /* Info.plist */ = {isa = PBXFileReference; lastKnownFileType = text.plist.xml; path = Info.plist; sourceTree = "<group>"; };
		FA73F5F31B82644200E35884 /* AppDelegate.swift */ = {isa = PBXFileReference; lastKnownFileType = sourcecode.swift; path = AppDelegate.swift; sourceTree = "<group>"; };
		FA73F5F51B82644200E35884 /* GameScene.sks */ = {isa = PBXFileReference; lastKnownFileType = file.sks; path = GameScene.sks; sourceTree = "<group>"; };
		FA73F5F71B82644200E35884 /* GameScene.swift */ = {isa = PBXFileReference; lastKnownFileType = sourcecode.swift; path = GameScene.swift; sourceTree = "<group>"; };
		FA73F5F91B82644200E35884 /* GameViewController.swift */ = {isa = PBXFileReference; lastKnownFileType = sourcecode.swift; path = GameViewController.swift; sourceTree = "<group>"; };
		FA73F5FC1B82644200E35884 /* Base */ = {isa = PBXFileReference; lastKnownFileType = file.storyboard; name = Base; path = Base.lproj/Main.storyboard; sourceTree = "<group>"; };
		FA73F5FE1B82644200E35884 /* Images.xcassets */ = {isa = PBXFileReference; lastKnownFileType = folder.assetcatalog; path = Images.xcassets; sourceTree = "<group>"; };
		FA73F6011B82644200E35884 /* Base */ = {isa = PBXFileReference; lastKnownFileType = file.xib; name = Base; path = Base.lproj/LaunchScreen.xib; sourceTree = "<group>"; };
		FA73F6071B82644200E35884 /* Power PongTests.xctest */ = {isa = PBXFileReference; explicitFileType = wrapper.cfbundle; includeInIndex = 0; path = "Power PongTests.xctest"; sourceTree = BUILT_PRODUCTS_DIR; };
		FA73F60C1B82644200E35884 /* Info.plist */ = {isa = PBXFileReference; lastKnownFileType = text.plist.xml; path = Info.plist; sourceTree = "<group>"; };
		FA73F60D1B82644200E35884 /* Power_PongTests.swift */ = {isa = PBXFileReference; lastKnownFileType = sourcecode.swift; path = Power_PongTests.swift; sourceTree = "<group>"; };
/* End PBXFileReference section */

/* Begin PBXFrameworksBuildPhase section */
		FA73F5EB1B82644200E35884 /* Frameworks */ = {
			isa = PBXFrameworksBuildPhase;
			buildActionMask = 2147483647;
			files = (
			);
			runOnlyForDeploymentPostprocessing = 0;
		};
		FA73F6041B82644200E35884 /* Frameworks */ = {
			isa = PBXFrameworksBuildPhase;
			buildActionMask = 2147483647;
			files = (
			);
			runOnlyForDeploymentPostprocessing = 0;
		};
/* End PBXFrameworksBuildPhase section */

/* Begin PBXGroup section */
		08C922D91B8B985B00720F8A /* Creators */ = {
			isa = PBXGroup;
			children = (
				FA00BD251B87B12700871C7C /* PaddleCreator.swift */,
				FA00BD271B87B13600871C7C /* NodesCreator.swift */,
			);
			name = Creators;
			sourceTree = "<group>";
		};
		1DDBD6341B86AFDE00319EB0 /* DropDownMenu */ = {
			isa = PBXGroup;
			children = (
				1DDBD62E1B86AFD100319EB0 /* DropDownItem.h */,
				1DDBD62F1B86AFD100319EB0 /* DropDownItem.m */,
				1DDBD6301B86AFD100319EB0 /* DropDownMenu.h */,
				1DDBD6311B86AFD100319EB0 /* DropDownMenu.m */,
			);
			name = DropDownMenu;
			sourceTree = "<group>";
		};
		1DDBD6371B86CB6200319EB0 /* Fonts */ = {
			isa = PBXGroup;
			children = (
				08D28A3A1B8CCD6800017E0B /* hemi head bd it.ttf */,
				1DDBD6381B86CB7400319EB0 /* Lobster_1.3.otf */,
			);
			name = Fonts;
			sourceTree = "<group>";
		};
		FA73F5E51B82644200E35884 = {
			isa = PBXGroup;
			children = (
				FA73F5F01B82644200E35884 /* Power Pong */,
				FA73F60A1B82644200E35884 /* Power PongTests */,
				FA73F5EF1B82644200E35884 /* Products */,
			);
			sourceTree = "<group>";
		};
		FA73F5EF1B82644200E35884 /* Products */ = {
			isa = PBXGroup;
			children = (
				FA73F5EE1B82644200E35884 /* Power Pong.app */,
				FA73F6071B82644200E35884 /* Power PongTests.xctest */,
			);
			name = Products;
			sourceTree = "<group>";
		};
		FA73F5F01B82644200E35884 /* Power Pong */ = {
			isa = PBXGroup;
			children = (
				1DDBD6341B86AFDE00319EB0 /* DropDownMenu */,
				08C922D91B8B985B00720F8A /* Creators */,
				FA73F5F31B82644200E35884 /* AppDelegate.swift */,
				1DDBD63C1B86E09000319EB0 /* GameBalls.swift */,
				08882D561B8B8F0000278A5F /* GameBacks.swift */,
				FA73F5F51B82644200E35884 /* GameScene.sks */,
				08882D531B8B8BCA00278A5F /* DismissSegue.swift */,
				FA73F5F71B82644200E35884 /* GameScene.swift */,
				FA00BB631B879430002DF216 /* PowerUpController.swift */,
				FA73F5F91B82644200E35884 /* GameViewController.swift */,
				FA73F5FB1B82644200E35884 /* Main.storyboard */,
				FA73F5FE1B82644200E35884 /* Images.xcassets */,
				FA73F6001B82644200E35884 /* LaunchScreen.xib */,
				FA00BB5D1B87912E002DF216 /* exampleFire.sks */,
				FA00BB5E1B87912E002DF216 /* spark.png */,
				1DDBD6371B86CB6200319EB0 /* Fonts */,
				FA73F5F11B82644200E35884 /* Supporting Files */,
			);
			path = "Power Pong";
			sourceTree = "<group>";
		};
		FA73F5F11B82644200E35884 /* Supporting Files */ = {
			isa = PBXGroup;
			children = (
				1DDBD62D1B86AFD000319EB0 /* Power Pong-Bridging-Header.h */,
				FA73F5F21B82644200E35884 /* Info.plist */,
			);
			name = "Supporting Files";
			sourceTree = "<group>";
		};
		FA73F60A1B82644200E35884 /* Power PongTests */ = {
			isa = PBXGroup;
			children = (
				FA73F60D1B82644200E35884 /* Power_PongTests.swift */,
				FA73F60B1B82644200E35884 /* Supporting Files */,
			);
			path = "Power PongTests";
			sourceTree = "<group>";
		};
		FA73F60B1B82644200E35884 /* Supporting Files */ = {
			isa = PBXGroup;
			children = (
				FA73F60C1B82644200E35884 /* Info.plist */,
			);
			name = "Supporting Files";
			sourceTree = "<group>";
		};
/* End PBXGroup section */

/* Begin PBXNativeTarget section */
		FA73F5ED1B82644200E35884 /* Power Pong */ = {
			isa = PBXNativeTarget;
			buildConfigurationList = FA73F6111B82644200E35884 /* Build configuration list for PBXNativeTarget "Power Pong" */;
			buildPhases = (
				FA73F5EA1B82644200E35884 /* Sources */,
				FA73F5EB1B82644200E35884 /* Frameworks */,
				FA73F5EC1B82644200E35884 /* Resources */,
			);
			buildRules = (
			);
			dependencies = (
			);
			name = "Power Pong";
			productName = "Power Pong";
			productReference = FA73F5EE1B82644200E35884 /* Power Pong.app */;
			productType = "com.apple.product-type.application";
		};
		FA73F6061B82644200E35884 /* Power PongTests */ = {
			isa = PBXNativeTarget;
			buildConfigurationList = FA73F6141B82644200E35884 /* Build configuration list for PBXNativeTarget "Power PongTests" */;
			buildPhases = (
				FA73F6031B82644200E35884 /* Sources */,
				FA73F6041B82644200E35884 /* Frameworks */,
				FA73F6051B82644200E35884 /* Resources */,
			);
			buildRules = (
			);
			dependencies = (
				FA73F6091B82644200E35884 /* PBXTargetDependency */,
			);
			name = "Power PongTests";
			productName = "Power PongTests";
			productReference = FA73F6071B82644200E35884 /* Power PongTests.xctest */;
			productType = "com.apple.product-type.bundle.unit-test";
		};
/* End PBXNativeTarget section */

/* Begin PBXProject section */
		FA73F5E61B82644200E35884 /* Project object */ = {
			isa = PBXProject;
			attributes = {
				LastUpgradeCheck = 0640;
				ORGANIZATIONNAME = "Retro Studios";
				TargetAttributes = {
					FA73F5ED1B82644200E35884 = {
						CreatedOnToolsVersion = 6.4;
						DevelopmentTeam = 5LDUX7VFQK;
					};
					FA73F6061B82644200E35884 = {
						CreatedOnToolsVersion = 6.4;
						TestTargetID = FA73F5ED1B82644200E35884;
					};
				};
			};
			buildConfigurationList = FA73F5E91B82644200E35884 /* Build configuration list for PBXProject "Power Pong" */;
			compatibilityVersion = "Xcode 3.2";
			developmentRegion = English;
			hasScannedForEncodings = 0;
			knownRegions = (
				en,
				Base,
			);
			mainGroup = FA73F5E51B82644200E35884;
			productRefGroup = FA73F5EF1B82644200E35884 /* Products */;
			projectDirPath = "";
			projectRoot = "";
			targets = (
				FA73F5ED1B82644200E35884 /* Power Pong */,
				FA73F6061B82644200E35884 /* Power PongTests */,
			);
		};
/* End PBXProject section */

/* Begin PBXResourcesBuildPhase section */
		FA73F5EC1B82644200E35884 /* Resources */ = {
			isa = PBXResourcesBuildPhase;
			buildActionMask = 2147483647;
			files = (
				08D28A3B1B8CCD8C00017E0B /* hemi head bd it.ttf in Resources */,
				FA73F6021B82644200E35884 /* LaunchScreen.xib in Resources */,
				FA73F5FF1B82644200E35884 /* Images.xcassets in Resources */,
				FA00BB5F1B87912E002DF216 /* exampleFire.sks in Resources */,
				FA00BB601B87912E002DF216 /* spark.png in Resources */,
				FA73F5F61B82644200E35884 /* GameScene.sks in Resources */,
				FA73F5FD1B82644200E35884 /* Main.storyboard in Resources */,
				1DDBD6391B86CB7400319EB0 /* Lobster_1.3.otf in Resources */,
			);
			runOnlyForDeploymentPostprocessing = 0;
		};
		FA73F6051B82644200E35884 /* Resources */ = {
			isa = PBXResourcesBuildPhase;
			buildActionMask = 2147483647;
			files = (
			);
			runOnlyForDeploymentPostprocessing = 0;
		};
/* End PBXResourcesBuildPhase section */

/* Begin PBXSourcesBuildPhase section */
		FA73F5EA1B82644200E35884 /* Sources */ = {
			isa = PBXSourcesBuildPhase;
			buildActionMask = 2147483647;
			files = (
				FA00BD261B87B12700871C7C /* PaddleCreator.swift in Sources */,
				08882D551B8B8D3500278A5F /* DismissSegue.swift in Sources */,
				1DDBD6321B86AFD100319EB0 /* DropDownItem.m in Sources */,
				FA00BD281B87B13600871C7C /* NodesCreator.swift in Sources */,
				FA73F5F81B82644200E35884 /* GameScene.swift in Sources */,
				FA00BB641B879430002DF216 /* PowerUpController.swift in Sources */,
				1DDBD63D1B86E09000319EB0 /* GameBalls.swift in Sources */,
				FA73F5FA1B82644200E35884 /* GameViewController.swift in Sources */,
				08882D571B8B8F0000278A5F /* GameBacks.swift in Sources */,
				1DDBD6331B86AFD100319EB0 /* DropDownMenu.m in Sources */,
				FA73F5F41B82644200E35884 /* AppDelegate.swift in Sources */,
			);
			runOnlyForDeploymentPostprocessing = 0;
		};
		FA73F6031B82644200E35884 /* Sources */ = {
			isa = PBXSourcesBuildPhase;
			buildActionMask = 2147483647;
			files = (
				FA73F60E1B82644200E35884 /* Power_PongTests.swift in Sources */,
			);
			runOnlyForDeploymentPostprocessing = 0;
		};
/* End PBXSourcesBuildPhase section */

/* Begin PBXTargetDependency section */
		FA73F6091B82644200E35884 /* PBXTargetDependency */ = {
			isa = PBXTargetDependency;
			target = FA73F5ED1B82644200E35884 /* Power Pong */;
			targetProxy = FA73F6081B82644200E35884 /* PBXContainerItemProxy */;
		};
/* End PBXTargetDependency section */

/* Begin PBXVariantGroup section */
		FA73F5FB1B82644200E35884 /* Main.storyboard */ = {
			isa = PBXVariantGroup;
			children = (
				FA73F5FC1B82644200E35884 /* Base */,
			);
			name = Main.storyboard;
			sourceTree = "<group>";
		};
		FA73F6001B82644200E35884 /* LaunchScreen.xib */ = {
			isa = PBXVariantGroup;
			children = (
				FA73F6011B82644200E35884 /* Base */,
			);
			name = LaunchScreen.xib;
			sourceTree = "<group>";
		};
/* End PBXVariantGroup section */

/* Begin XCBuildConfiguration section */
		FA73F60F1B82644200E35884 /* Debug */ = {
			isa = XCBuildConfiguration;
			buildSettings = {
				ALWAYS_SEARCH_USER_PATHS = NO;
				CLANG_CXX_LANGUAGE_STANDARD = "gnu++0x";
				CLANG_CXX_LIBRARY = "libc++";
				CLANG_ENABLE_MODULES = YES;
				CLANG_ENABLE_OBJC_ARC = YES;
				CLANG_WARN_BOOL_CONVERSION = YES;
				CLANG_WARN_CONSTANT_CONVERSION = YES;
				CLANG_WARN_DIRECT_OBJC_ISA_USAGE = YES_ERROR;
				CLANG_WARN_EMPTY_BODY = YES;
				CLANG_WARN_ENUM_CONVERSION = YES;
				CLANG_WARN_INT_CONVERSION = YES;
				CLANG_WARN_OBJC_ROOT_CLASS = YES_ERROR;
				CLANG_WARN_UNREACHABLE_CODE = YES;
				CLANG_WARN__DUPLICATE_METHOD_MATCH = YES;
				CODE_SIGN_IDENTITY = "iPhone Developer: Igor Souza (HBR2JZGBP8)";
				"CODE_SIGN_IDENTITY[sdk=iphoneos*]" = "iPhone Developer: Igor Souza (HBR2JZGBP8)";
				COPY_PHASE_STRIP = NO;
				DEBUG_INFORMATION_FORMAT = "dwarf-with-dsym";
				ENABLE_STRICT_OBJC_MSGSEND = YES;
				GCC_C_LANGUAGE_STANDARD = gnu99;
				GCC_DYNAMIC_NO_PIC = NO;
				GCC_NO_COMMON_BLOCKS = YES;
				GCC_OPTIMIZATION_LEVEL = 0;
				GCC_PREPROCESSOR_DEFINITIONS = (
					"DEBUG=1",
					"$(inherited)",
				);
				GCC_SYMBOLS_PRIVATE_EXTERN = NO;
				GCC_WARN_64_TO_32_BIT_CONVERSION = YES;
				GCC_WARN_ABOUT_RETURN_TYPE = YES_ERROR;
				GCC_WARN_UNDECLARED_SELECTOR = YES;
				GCC_WARN_UNINITIALIZED_AUTOS = YES_AGGRESSIVE;
				GCC_WARN_UNUSED_FUNCTION = YES;
				GCC_WARN_UNUSED_VARIABLE = YES;
				IPHONEOS_DEPLOYMENT_TARGET = 8.4;
				MTL_ENABLE_DEBUG_INFO = YES;
				ONLY_ACTIVE_ARCH = YES;
				SDKROOT = iphoneos;
				SWIFT_OPTIMIZATION_LEVEL = "-Onone";
				TARGETED_DEVICE_FAMILY = "1,2";
			};
			name = Debug;
		};
		FA73F6101B82644200E35884 /* Release */ = {
			isa = XCBuildConfiguration;
			buildSettings = {
				ALWAYS_SEARCH_USER_PATHS = NO;
				CLANG_CXX_LANGUAGE_STANDARD = "gnu++0x";
				CLANG_CXX_LIBRARY = "libc++";
				CLANG_ENABLE_MODULES = YES;
				CLANG_ENABLE_OBJC_ARC = YES;
				CLANG_WARN_BOOL_CONVERSION = YES;
				CLANG_WARN_CONSTANT_CONVERSION = YES;
				CLANG_WARN_DIRECT_OBJC_ISA_USAGE = YES_ERROR;
				CLANG_WARN_EMPTY_BODY = YES;
				CLANG_WARN_ENUM_CONVERSION = YES;
				CLANG_WARN_INT_CONVERSION = YES;
				CLANG_WARN_OBJC_ROOT_CLASS = YES_ERROR;
				CLANG_WARN_UNREACHABLE_CODE = YES;
				CLANG_WARN__DUPLICATE_METHOD_MATCH = YES;
				CODE_SIGN_IDENTITY = "iPhone Developer: Igor Souza (HBR2JZGBP8)";
				"CODE_SIGN_IDENTITY[sdk=iphoneos*]" = "iPhone Developer: Igor Souza (HBR2JZGBP8)";
				COPY_PHASE_STRIP = NO;
				DEBUG_INFORMATION_FORMAT = "dwarf-with-dsym";
				ENABLE_NS_ASSERTIONS = NO;
				ENABLE_STRICT_OBJC_MSGSEND = YES;
				GCC_C_LANGUAGE_STANDARD = gnu99;
				GCC_NO_COMMON_BLOCKS = YES;
				GCC_WARN_64_TO_32_BIT_CONVERSION = YES;
				GCC_WARN_ABOUT_RETURN_TYPE = YES_ERROR;
				GCC_WARN_UNDECLARED_SELECTOR = YES;
				GCC_WARN_UNINITIALIZED_AUTOS = YES_AGGRESSIVE;
				GCC_WARN_UNUSED_FUNCTION = YES;
				GCC_WARN_UNUSED_VARIABLE = YES;
				IPHONEOS_DEPLOYMENT_TARGET = 8.4;
				MTL_ENABLE_DEBUG_INFO = NO;
				SDKROOT = iphoneos;
				TARGETED_DEVICE_FAMILY = "1,2";
				VALIDATE_PRODUCT = YES;
			};
			name = Release;
		};
		FA73F6121B82644200E35884 /* Debug */ = {
			isa = XCBuildConfiguration;
			buildSettings = {
				ASSETCATALOG_COMPILER_APPICON_NAME = AppIcon;
				CLANG_ENABLE_MODULES = YES;
				CODE_SIGN_IDENTITY = "iPhone Developer";
				INFOPLIST_FILE = "Power Pong/Info.plist";
				LD_RUNPATH_SEARCH_PATHS = "$(inherited) @executable_path/Frameworks";
				PRODUCT_NAME = "$(TARGET_NAME)";
				SWIFT_OBJC_BRIDGING_HEADER = "Power Pong/Power Pong-Bridging-Header.h";
				SWIFT_OPTIMIZATION_LEVEL = "-Onone";
			};
			name = Debug;
		};
		FA73F6131B82644200E35884 /* Release */ = {
			isa = XCBuildConfiguration;
			buildSettings = {
				ASSETCATALOG_COMPILER_APPICON_NAME = AppIcon;
				CLANG_ENABLE_MODULES = YES;
				CODE_SIGN_IDENTITY = "iPhone Developer";
				INFOPLIST_FILE = "Power Pong/Info.plist";
				LD_RUNPATH_SEARCH_PATHS = "$(inherited) @executable_path/Frameworks";
				PRODUCT_NAME = "$(TARGET_NAME)";
				SWIFT_OBJC_BRIDGING_HEADER = "Power Pong/Power Pong-Bridging-Header.h";
			};
			name = Release;
		};
		FA73F6151B82644200E35884 /* Debug */ = {
			isa = XCBuildConfiguration;
			buildSettings = {
				BUNDLE_LOADER = "$(TEST_HOST)";
				FRAMEWORK_SEARCH_PATHS = (
					"$(SDKROOT)/Developer/Library/Frameworks",
					"$(inherited)",
				);
				GCC_PREPROCESSOR_DEFINITIONS = (
					"DEBUG=1",
					"$(inherited)",
				);
				INFOPLIST_FILE = "Power PongTests/Info.plist";
				LD_RUNPATH_SEARCH_PATHS = "$(inherited) @executable_path/Frameworks @loader_path/Frameworks";
				PRODUCT_NAME = "$(TARGET_NAME)";
				TEST_HOST = "$(BUILT_PRODUCTS_DIR)/Power Pong.app/Power Pong";
			};
			name = Debug;
		};
		FA73F6161B82644200E35884 /* Release */ = {
			isa = XCBuildConfiguration;
			buildSettings = {
				BUNDLE_LOADER = "$(TEST_HOST)";
				FRAMEWORK_SEARCH_PATHS = (
					"$(SDKROOT)/Developer/Library/Frameworks",
					"$(inherited)",
				);
				INFOPLIST_FILE = "Power PongTests/Info.plist";
				LD_RUNPATH_SEARCH_PATHS = "$(inherited) @executable_path/Frameworks @loader_path/Frameworks";
				PRODUCT_NAME = "$(TARGET_NAME)";
				TEST_HOST = "$(BUILT_PRODUCTS_DIR)/Power Pong.app/Power Pong";
			};
			name = Release;
		};
/* End XCBuildConfiguration section */

/* Begin XCConfigurationList section */
		FA73F5E91B82644200E35884 /* Build configuration list for PBXProject "Power Pong" */ = {
			isa = XCConfigurationList;
			buildConfigurations = (
				FA73F60F1B82644200E35884 /* Debug */,
				FA73F6101B82644200E35884 /* Release */,
			);
			defaultConfigurationIsVisible = 0;
			defaultConfigurationName = Release;
		};
		FA73F6111B82644200E35884 /* Build configuration list for PBXNativeTarget "Power Pong" */ = {
			isa = XCConfigurationList;
			buildConfigurations = (
				FA73F6121B82644200E35884 /* Debug */,
				FA73F6131B82644200E35884 /* Release */,
			);
			defaultConfigurationIsVisible = 0;
			defaultConfigurationName = Release;
		};
		FA73F6141B82644200E35884 /* Build configuration list for PBXNativeTarget "Power PongTests" */ = {
			isa = XCConfigurationList;
			buildConfigurations = (
				FA73F6151B82644200E35884 /* Debug */,
				FA73F6161B82644200E35884 /* Release */,
			);
			defaultConfigurationIsVisible = 0;
			defaultConfigurationName = Release;
		};
/* End XCConfigurationList section */
	};
	rootObject = FA73F5E61B82644200E35884 /* Project object */;
}
